
Microsoft Visual Studio Solution File, Format Version 12.00
# Visual Studio Version 17
VisualStudioVersion = 17.7.34003.232
MinimumVisualStudioVersion = 10.0.40219.1
Project("{9A19103F-16F7-4668-BE54-9A1E7A4F7556}") = "YetGenAkbankJumpOOPConsole", "YetGenAkbankJumpOOPConsole\YetGenAkbankJumpOOPConsole.csproj", "{170FAA41-48F3-4BAB-93FE-E19D8AA5AFFC}"
EndProject
Project("{9A19103F-16F7-4668-BE54-9A1E7A4F7556}") = "YetGenAkbankJump.MVCClient", "YetGenAkbankJump.MVCClient\YetGenAkbankJump.MVCClient.csproj", "{EB3279F4-56E4-4550-8A44-DC8CDB641EE6}"
EndProject
Project("{9A19103F-16F7-4668-BE54-9A1E7A4F7556}") = "YetGenAkbankJump.Shared", "YetGenAkbankJump.Shared\YetGenAkbankJump.Shared.csproj", "{60D311D7-07AE-40B0-9F6E-321E5E3912CB}"
EndProject
Project("{9A19103F-16F7-4668-BE54-9A1E7A4F7556}") = "YetGenAkbankJump.WebApi", "YetGenAkbankJump.WebApi\YetGenAkbankJump.WebApi.csproj", "{49D9F07F-3619-4FCF-A1FC-95C206BD5E83}"
EndProject
Project("{9A19103F-16F7-4668-BE54-9A1E7A4F7556}") = "YetGenAkbankJump.BlazorClient", "YetGenAkbankJump.BlazorClient\YetGenAkbankJump.BlazorClient.csproj", "{1C463DF8-1B4F-4179-8EEF-9A86A7362F1D}"
EndProject
Project("{FAE04EC0-301F-11D3-BF4B-00C04F79EFBC}") = "YetGenAkbankJump.Domain", "YetGenAkbankJump.Domain\YetGenAkbankJump.Domain.csproj", "{386B76D0-FC8E-4C42-A10C-3F097EEF4915}"
EndProject
Global
	GlobalSection(SolutionConfigurationPlatforms) = preSolution
		Debug|Any CPU = Debug|Any CPU
		Release|Any CPU = Release|Any CPU
	EndGlobalSection
	GlobalSection(ProjectConfigurationPlatforms) = postSolution
		{170FAA41-48F3-4BAB-93FE-E19D8AA5AFFC}.Debug|Any CPU.ActiveCfg = Debug|Any CPU
		{170FAA41-48F3-4BAB-93FE-E19D8AA5AFFC}.Debug|Any CPU.Build.0 = Debug|Any CPU
		{170FAA41-48F3-4BAB-93FE-E19D8AA5AFFC}.Release|Any CPU.ActiveCfg = Release|Any CPU
		{170FAA41-48F3-4BAB-93FE-E19D8AA5AFFC}.Release|Any CPU.Build.0 = Release|Any CPU
		{EB3279F4-56E4-4550-8A44-DC8CDB641EE6}.Debug|Any CPU.ActiveCfg = Debug|Any CPU
		{EB3279F4-56E4-4550-8A44-DC8CDB641EE6}.Debug|Any CPU.Build.0 = Debug|Any CPU
		{EB3279F4-56E4-4550-8A44-DC8CDB641EE6}.Release|Any CPU.ActiveCfg = Release|Any CPU
		{EB3279F4-56E4-4550-8A44-DC8CDB641EE6}.Release|Any CPU.Build.0 = Release|Any CPU
		{60D311D7-07AE-40B0-9F6E-321E5E3912CB}.Debug|Any CPU.ActiveCfg = Debug|Any CPU
		{60D311D7-07AE-40B0-9F6E-321E5E3912CB}.Debug|Any CPU.Build.0 = Debug|Any CPU
		{60D311D7-07AE-40B0-9F6E-321E5E3912CB}.Release|Any CPU.ActiveCfg = Release|Any CPU
		{60D311D7-07AE-40B0-9F6E-321E5E3912CB}.Release|Any CPU.Build.0 = Release|Any CPU
		{49D9F07F-3619-4FCF-A1FC-95C206BD5E83}.Debug|Any CPU.ActiveCfg = Debug|Any CPU
		{49D9F07F-3619-4FCF-A1FC-95C206BD5E83}.Debug|Any CPU.Build.0 = Debug|Any CPU
		{49D9F07F-3619-4FCF-A1FC-95C206BD5E83}.Release|Any CPU.ActiveCfg = Release|Any CPU
		{49D9F07F-3619-4FCF-A1FC-95C206BD5E83}.Release|Any CPU.Build.0 = Release|Any CPU
		{1C463DF8-1B4F-4179-8EEF-9A86A7362F1D}.Debug|Any CPU.ActiveCfg = Debug|Any CPU
		{1C463DF8-1B4F-4179-8EEF-9A86A7362F1D}.Debug|Any CPU.Build.0 = Debug|Any CPU
		{1C463DF8-1B4F-4179-8EEF-9A86A7362F1D}.Release|Any CPU.ActiveCfg = Release|Any CPU
		{1C463DF8-1B4F-4179-8EEF-9A86A7362F1D}.Release|Any CPU.Build.0 = Release|Any CPU
		{386B76D0-FC8E-4C42-A10C-3F097EEF4915}.Debug|Any CPU.ActiveCfg = Debug|Any CPU
		{386B76D0-FC8E-4C42-A10C-3F097EEF4915}.Debug|Any CPU.Build.0 = Debug|Any CPU
		{386B76D0-FC8E-4C42-A10C-3F097EEF4915}.Release|Any CPU.ActiveCfg = Release|Any CPU
		{386B76D0-FC8E-4C42-A10C-3F097EEF4915}.Release|Any CPU.Build.0 = Release|Any CPU
	EndGlobalSection
	GlobalSection(SolutionProperties) = preSolution
		HideSolutionNode = FALSE
	EndGlobalSection
	GlobalSection(ExtensibilityGlobals) = postSolution
		SolutionGuid = {68CA8FFA-CE18-4A67-85E8-41E44A762842}
	EndGlobalSection
EndGlobal
