
Microsoft Visual Studio Solution File, Format Version 12.00
# Visual Studio Version 17
VisualStudioVersion = 17.7.34003.232
MinimumVisualStudioVersion = 10.0.40219.1
Project("{FAE04EC0-301F-11D3-BF4B-00C04F79EFBC}") = "YetGen Jump & Akbank Backend Programı Eğitimi", "YetGen Jump & Akbank Backend Programı Eğitimi\YetGen Jump & Akbank Backend Programı Eğitimi.csproj", "{FFC2CAA2-77B2-47B0-812A-4F81EDC760A9}"
EndProject
Global
	GlobalSection(SolutionConfigurationPlatforms) = preSolution
		Debug|Any CPU = Debug|Any CPU
		Release|Any CPU = Release|Any CPU
	EndGlobalSection
	GlobalSection(ProjectConfigurationPlatforms) = postSolution
		{FFC2CAA2-77B2-47B0-812A-4F81EDC760A9}.Debug|Any CPU.ActiveCfg = Debug|Any CPU
		{FFC2CAA2-77B2-47B0-812A-4F81EDC760A9}.Debug|Any CPU.Build.0 = Debug|Any CPU
		{FFC2CAA2-77B2-47B0-812A-4F81EDC760A9}.Release|Any CPU.ActiveCfg = Release|Any CPU
		{FFC2CAA2-77B2-47B0-812A-4F81EDC760A9}.Release|Any CPU.Build.0 = Release|Any CPU
	EndGlobalSection
	GlobalSection(SolutionProperties) = preSolution
		HideSolutionNode = FALSE
	EndGlobalSection
	GlobalSection(ExtensibilityGlobals) = postSolution
		SolutionGuid = {44A326E9-9DA3-4C17-9859-FB1DA5392A9F}
	EndGlobalSection
EndGlobal
