
Microsoft Visual Studio Solution File, Format Version 12.00
# Visual Studio Version 17
VisualStudioVersion = 17.7.34003.232
MinimumVisualStudioVersion = 10.0.40219.1
Project("{9A19103F-16F7-4668-BE54-9A1E7A4F7556}") = "YetGen Jump & Akbank Backend Programı Eğitimi", "YetGen Jump & Akbank Backend Programı Eğitimi\YetGen Jump & Akbank Backend Programı Eğitimi.csproj", "{FFC2CAA2-77B2-47B0-812A-4F81EDC760A9}"
EndProject
Project("{2150E333-8FDC-42A3-9474-1A3956D46DE8}") = "Lecture_3", "Lecture_3", "{A3DA852F-2CA2-4208-84BB-339748791BD1}"
EndProject
Project("{9A19103F-16F7-4668-BE54-9A1E7A4F7556}") = "Freelancer", "Freelancer\Freelancer.csproj", "{27BC24D3-93CF-404F-B0DB-71E76E6886DF}"
EndProject
Project("{9A19103F-16F7-4668-BE54-9A1E7A4F7556}") = "Week_3_4", "Week_3_4\Week_3_4.csproj", "{BE101833-CE59-4798-A5A7-B3730B1A0ACD}"
EndProject
Project("{9A19103F-16F7-4668-BE54-9A1E7A4F7556}") = "Week_4_1", "Week_4_1\Week_4_1.csproj", "{9CA654D2-69C0-412A-8CC9-553276A1707F}"
EndProject
Project("{9A19103F-16F7-4668-BE54-9A1E7A4F7556}") = "Week_5_2", "Week_5_2\Week_5_2.csproj", "{278D635A-1D29-4165-9254-31B837451F52}"
EndProject
Project("{9A19103F-16F7-4668-BE54-9A1E7A4F7556}") = "Week_9_3", "Week_9_3\Week_9_3.csproj", "{EAF73187-3562-4A06-9E5B-6832BAF48288}"
EndProject
Project("{9A19103F-16F7-4668-BE54-9A1E7A4F7556}") = "Week_9_2", "Week_9_2\Week_9_2.csproj", "{B5D9890E-5241-4B88-96CF-FBA0057DCA53}"
EndProject
Project("{2150E333-8FDC-42A3-9474-1A3956D46DE8}") = "Week_10_1", "Week_10_1", "{5F6FE308-1CAA-46AC-93F4-E76C643A74C8}"
EndProject
Project("{2150E333-8FDC-42A3-9474-1A3956D46DE8}") = "Infrastructure", "Infrastructure", "{36801E82-721A-401E-82BC-52A8DDA53952}"
EndProject
Project("{9A19103F-16F7-4668-BE54-9A1E7A4F7556}") = "Week_10_1.Infrastructure", "Week_10_1\Infrastructure\Week_10_1.Infrastructure\Week_10_1.Infrastructure.csproj", "{237C1707-1336-4C0B-A761-823E8ABDC25A}"
EndProject
Project("{2150E333-8FDC-42A3-9474-1A3956D46DE8}") = "Presentation", "Presentation", "{A3C33FC6-DB03-458C-AC2B-60EA77DC8169}"
EndProject
Project("{9A19103F-16F7-4668-BE54-9A1E7A4F7556}") = "Week_10_1.API", "Week_10_1\Presentation\Week_10_1.API\Week_10_1.API.csproj", "{12430095-954A-424A-89A2-1AC10A53E395}"
EndProject
Project("{2150E333-8FDC-42A3-9474-1A3956D46DE8}") = "Core", "Core", "{B9501A65-45B6-47F3-9B77-1CCD709F919D}"
EndProject
Project("{9A19103F-16F7-4668-BE54-9A1E7A4F7556}") = "Week_10_1.Domain", "Week_10_1\Core\Week_10_1.Domain\Week_10_1.Domain.csproj", "{93BD8E03-1518-4965-8DE8-7331709A6582}"
EndProject
Project("{9A19103F-16F7-4668-BE54-9A1E7A4F7556}") = "Week_10_1.Application", "Week_10_1\Core\Week_10_1.Application\Week_10_1.Application.csproj", "{6F430FB2-A4F8-4608-A08C-77D6738883CC}"
EndProject
Project("{2150E333-8FDC-42A3-9474-1A3956D46DE8}") = "Week_11_1", "Week_11_1", "{F23E2C92-3A2D-47A3-A3C9-12326723B6D3}"
EndProject
Project("{2150E333-8FDC-42A3-9474-1A3956D46DE8}") = "Core", "Core", "{C3990228-6ED5-4DFF-9DC2-A77438C46D46}"
EndProject
Project("{9A19103F-16F7-4668-BE54-9A1E7A4F7556}") = "Week_11_1.Domain", "Week_11_1\Core\Week_11_1.Domain\Week_11_1.Domain.csproj", "{D308E9FD-D898-48E1-9FE0-BB0A3B2FA105}"
EndProject
Project("{2150E333-8FDC-42A3-9474-1A3956D46DE8}") = "Infrastructure", "Infrastructure", "{5D069CC5-A7A1-4B97-B610-0B2051C7DA11}"
EndProject
Project("{9A19103F-16F7-4668-BE54-9A1E7A4F7556}") = "Week_11_1.Persistence", "Week_11_1\Infrastructure\Week_11_1.Persistence\Week_11_1.Persistence.csproj", "{438F4F26-E520-4305-ABA4-CFA04A689E42}"
EndProject
Project("{2150E333-8FDC-42A3-9474-1A3956D46DE8}") = "Presentation", "Presentation", "{8C05A719-4336-40C7-991F-26C9C67EDE24}"
EndProject
Project("{9A19103F-16F7-4668-BE54-9A1E7A4F7556}") = "Week_11_1.API", "Week_11_1\Presentation\Week_11_1.API\Week_11_1.API.csproj", "{96DA7EF9-FAD4-45E1-A347-E9D61D248961}"
EndProject
Project("{2150E333-8FDC-42A3-9474-1A3956D46DE8}") = "Week_12", "Week_12", "{4F2C2D7F-0E54-4EDD-9DB8-9110B2E9391A}"
EndProject
Project("{2150E333-8FDC-42A3-9474-1A3956D46DE8}") = "Core", "Core", "{8CB65E7C-CB8E-4CC5-8313-DABD4611337E}"
EndProject
Project("{FAE04EC0-301F-11D3-BF4B-00C04F79EFBC}") = "MilanMolat.Application", "Week_12\Core\MilanMolat.Application\MilanMolat.Application.csproj", "{A173DF48-9957-42E0-A886-43CABD1AEB0E}"
EndProject
Project("{FAE04EC0-301F-11D3-BF4B-00C04F79EFBC}") = "MilanMolat.Domain", "Week_12\Core\MilanMolat.Domain\MilanMolat.Domain.csproj", "{C1C8F7A2-CB01-4478-B0DC-D97072EE15CE}"
EndProject
Project("{2150E333-8FDC-42A3-9474-1A3956D46DE8}") = "Infrastructure", "Infrastructure", "{15195EB7-AA5C-4CE8-B434-1983F805336D}"
EndProject
Project("{FAE04EC0-301F-11D3-BF4B-00C04F79EFBC}") = "MilanMolat.Infrastructure", "Week_12\Infrastructure\MilanMolat.Infrastructure\MilanMolat.Infrastructure.csproj", "{3E22763E-549B-471A-959F-39760238FFD1}"
EndProject
Project("{2150E333-8FDC-42A3-9474-1A3956D46DE8}") = "Presentation", "Presentation", "{62A7CD3C-A890-4E22-B7B4-CEF9EF661BD7}"
EndProject
Project("{FAE04EC0-301F-11D3-BF4B-00C04F79EFBC}") = "MilanMolat.API", "Week_12\Presentation\MilanMolat.API\MilanMolat.API.csproj", "{1DD439FF-72C7-4C71-8124-6B99F9451F10}"
EndProject
Global
	GlobalSection(SolutionConfigurationPlatforms) = preSolution
		Debug|Any CPU = Debug|Any CPU
		Release|Any CPU = Release|Any CPU
	EndGlobalSection
	GlobalSection(ProjectConfigurationPlatforms) = postSolution
		{FFC2CAA2-77B2-47B0-812A-4F81EDC760A9}.Debug|Any CPU.ActiveCfg = Debug|Any CPU
		{FFC2CAA2-77B2-47B0-812A-4F81EDC760A9}.Debug|Any CPU.Build.0 = Debug|Any CPU
		{FFC2CAA2-77B2-47B0-812A-4F81EDC760A9}.Release|Any CPU.ActiveCfg = Release|Any CPU
		{FFC2CAA2-77B2-47B0-812A-4F81EDC760A9}.Release|Any CPU.Build.0 = Release|Any CPU
		{27BC24D3-93CF-404F-B0DB-71E76E6886DF}.Debug|Any CPU.ActiveCfg = Debug|Any CPU
		{27BC24D3-93CF-404F-B0DB-71E76E6886DF}.Debug|Any CPU.Build.0 = Debug|Any CPU
		{27BC24D3-93CF-404F-B0DB-71E76E6886DF}.Release|Any CPU.ActiveCfg = Release|Any CPU
		{27BC24D3-93CF-404F-B0DB-71E76E6886DF}.Release|Any CPU.Build.0 = Release|Any CPU
		{BE101833-CE59-4798-A5A7-B3730B1A0ACD}.Debug|Any CPU.ActiveCfg = Debug|Any CPU
		{BE101833-CE59-4798-A5A7-B3730B1A0ACD}.Debug|Any CPU.Build.0 = Debug|Any CPU
		{BE101833-CE59-4798-A5A7-B3730B1A0ACD}.Release|Any CPU.ActiveCfg = Release|Any CPU
		{BE101833-CE59-4798-A5A7-B3730B1A0ACD}.Release|Any CPU.Build.0 = Release|Any CPU
		{9CA654D2-69C0-412A-8CC9-553276A1707F}.Debug|Any CPU.ActiveCfg = Debug|Any CPU
		{9CA654D2-69C0-412A-8CC9-553276A1707F}.Debug|Any CPU.Build.0 = Debug|Any CPU
		{9CA654D2-69C0-412A-8CC9-553276A1707F}.Release|Any CPU.ActiveCfg = Release|Any CPU
		{9CA654D2-69C0-412A-8CC9-553276A1707F}.Release|Any CPU.Build.0 = Release|Any CPU
		{278D635A-1D29-4165-9254-31B837451F52}.Debug|Any CPU.ActiveCfg = Debug|Any CPU
		{278D635A-1D29-4165-9254-31B837451F52}.Debug|Any CPU.Build.0 = Debug|Any CPU
		{278D635A-1D29-4165-9254-31B837451F52}.Release|Any CPU.ActiveCfg = Release|Any CPU
		{278D635A-1D29-4165-9254-31B837451F52}.Release|Any CPU.Build.0 = Release|Any CPU
		{EAF73187-3562-4A06-9E5B-6832BAF48288}.Debug|Any CPU.ActiveCfg = Debug|Any CPU
		{EAF73187-3562-4A06-9E5B-6832BAF48288}.Debug|Any CPU.Build.0 = Debug|Any CPU
		{EAF73187-3562-4A06-9E5B-6832BAF48288}.Release|Any CPU.ActiveCfg = Release|Any CPU
		{EAF73187-3562-4A06-9E5B-6832BAF48288}.Release|Any CPU.Build.0 = Release|Any CPU
		{B5D9890E-5241-4B88-96CF-FBA0057DCA53}.Debug|Any CPU.ActiveCfg = Debug|Any CPU
		{B5D9890E-5241-4B88-96CF-FBA0057DCA53}.Debug|Any CPU.Build.0 = Debug|Any CPU
		{B5D9890E-5241-4B88-96CF-FBA0057DCA53}.Release|Any CPU.ActiveCfg = Release|Any CPU
		{B5D9890E-5241-4B88-96CF-FBA0057DCA53}.Release|Any CPU.Build.0 = Release|Any CPU
		{237C1707-1336-4C0B-A761-823E8ABDC25A}.Debug|Any CPU.ActiveCfg = Debug|Any CPU
		{237C1707-1336-4C0B-A761-823E8ABDC25A}.Debug|Any CPU.Build.0 = Debug|Any CPU
		{237C1707-1336-4C0B-A761-823E8ABDC25A}.Release|Any CPU.ActiveCfg = Release|Any CPU
		{237C1707-1336-4C0B-A761-823E8ABDC25A}.Release|Any CPU.Build.0 = Release|Any CPU
		{12430095-954A-424A-89A2-1AC10A53E395}.Debug|Any CPU.ActiveCfg = Debug|Any CPU
		{12430095-954A-424A-89A2-1AC10A53E395}.Debug|Any CPU.Build.0 = Debug|Any CPU
		{12430095-954A-424A-89A2-1AC10A53E395}.Release|Any CPU.ActiveCfg = Release|Any CPU
		{12430095-954A-424A-89A2-1AC10A53E395}.Release|Any CPU.Build.0 = Release|Any CPU
		{93BD8E03-1518-4965-8DE8-7331709A6582}.Debug|Any CPU.ActiveCfg = Debug|Any CPU
		{93BD8E03-1518-4965-8DE8-7331709A6582}.Debug|Any CPU.Build.0 = Debug|Any CPU
		{93BD8E03-1518-4965-8DE8-7331709A6582}.Release|Any CPU.ActiveCfg = Release|Any CPU
		{93BD8E03-1518-4965-8DE8-7331709A6582}.Release|Any CPU.Build.0 = Release|Any CPU
		{6F430FB2-A4F8-4608-A08C-77D6738883CC}.Debug|Any CPU.ActiveCfg = Debug|Any CPU
		{6F430FB2-A4F8-4608-A08C-77D6738883CC}.Debug|Any CPU.Build.0 = Debug|Any CPU
		{6F430FB2-A4F8-4608-A08C-77D6738883CC}.Release|Any CPU.ActiveCfg = Release|Any CPU
		{6F430FB2-A4F8-4608-A08C-77D6738883CC}.Release|Any CPU.Build.0 = Release|Any CPU
		{D308E9FD-D898-48E1-9FE0-BB0A3B2FA105}.Debug|Any CPU.ActiveCfg = Debug|Any CPU
		{D308E9FD-D898-48E1-9FE0-BB0A3B2FA105}.Debug|Any CPU.Build.0 = Debug|Any CPU
		{D308E9FD-D898-48E1-9FE0-BB0A3B2FA105}.Release|Any CPU.ActiveCfg = Release|Any CPU
		{D308E9FD-D898-48E1-9FE0-BB0A3B2FA105}.Release|Any CPU.Build.0 = Release|Any CPU
		{438F4F26-E520-4305-ABA4-CFA04A689E42}.Debug|Any CPU.ActiveCfg = Debug|Any CPU
		{438F4F26-E520-4305-ABA4-CFA04A689E42}.Debug|Any CPU.Build.0 = Debug|Any CPU
		{438F4F26-E520-4305-ABA4-CFA04A689E42}.Release|Any CPU.ActiveCfg = Release|Any CPU
		{438F4F26-E520-4305-ABA4-CFA04A689E42}.Release|Any CPU.Build.0 = Release|Any CPU
		{96DA7EF9-FAD4-45E1-A347-E9D61D248961}.Debug|Any CPU.ActiveCfg = Debug|Any CPU
		{96DA7EF9-FAD4-45E1-A347-E9D61D248961}.Debug|Any CPU.Build.0 = Debug|Any CPU
		{96DA7EF9-FAD4-45E1-A347-E9D61D248961}.Release|Any CPU.ActiveCfg = Release|Any CPU
		{96DA7EF9-FAD4-45E1-A347-E9D61D248961}.Release|Any CPU.Build.0 = Release|Any CPU
		{A173DF48-9957-42E0-A886-43CABD1AEB0E}.Debug|Any CPU.ActiveCfg = Debug|Any CPU
		{A173DF48-9957-42E0-A886-43CABD1AEB0E}.Debug|Any CPU.Build.0 = Debug|Any CPU
		{A173DF48-9957-42E0-A886-43CABD1AEB0E}.Release|Any CPU.ActiveCfg = Release|Any CPU
		{A173DF48-9957-42E0-A886-43CABD1AEB0E}.Release|Any CPU.Build.0 = Release|Any CPU
		{C1C8F7A2-CB01-4478-B0DC-D97072EE15CE}.Debug|Any CPU.ActiveCfg = Debug|Any CPU
		{C1C8F7A2-CB01-4478-B0DC-D97072EE15CE}.Debug|Any CPU.Build.0 = Debug|Any CPU
		{C1C8F7A2-CB01-4478-B0DC-D97072EE15CE}.Release|Any CPU.ActiveCfg = Release|Any CPU
		{C1C8F7A2-CB01-4478-B0DC-D97072EE15CE}.Release|Any CPU.Build.0 = Release|Any CPU
		{3E22763E-549B-471A-959F-39760238FFD1}.Debug|Any CPU.ActiveCfg = Debug|Any CPU
		{3E22763E-549B-471A-959F-39760238FFD1}.Debug|Any CPU.Build.0 = Debug|Any CPU
		{3E22763E-549B-471A-959F-39760238FFD1}.Release|Any CPU.ActiveCfg = Release|Any CPU
		{3E22763E-549B-471A-959F-39760238FFD1}.Release|Any CPU.Build.0 = Release|Any CPU
		{1DD439FF-72C7-4C71-8124-6B99F9451F10}.Debug|Any CPU.ActiveCfg = Debug|Any CPU
		{1DD439FF-72C7-4C71-8124-6B99F9451F10}.Debug|Any CPU.Build.0 = Debug|Any CPU
		{1DD439FF-72C7-4C71-8124-6B99F9451F10}.Release|Any CPU.ActiveCfg = Release|Any CPU
		{1DD439FF-72C7-4C71-8124-6B99F9451F10}.Release|Any CPU.Build.0 = Release|Any CPU
	EndGlobalSection
	GlobalSection(SolutionProperties) = preSolution
		HideSolutionNode = FALSE
	EndGlobalSection
	GlobalSection(NestedProjects) = preSolution
		{27BC24D3-93CF-404F-B0DB-71E76E6886DF} = {A3DA852F-2CA2-4208-84BB-339748791BD1}
		{36801E82-721A-401E-82BC-52A8DDA53952} = {5F6FE308-1CAA-46AC-93F4-E76C643A74C8}
		{237C1707-1336-4C0B-A761-823E8ABDC25A} = {36801E82-721A-401E-82BC-52A8DDA53952}
		{A3C33FC6-DB03-458C-AC2B-60EA77DC8169} = {5F6FE308-1CAA-46AC-93F4-E76C643A74C8}
		{12430095-954A-424A-89A2-1AC10A53E395} = {A3C33FC6-DB03-458C-AC2B-60EA77DC8169}
		{B9501A65-45B6-47F3-9B77-1CCD709F919D} = {5F6FE308-1CAA-46AC-93F4-E76C643A74C8}
		{93BD8E03-1518-4965-8DE8-7331709A6582} = {B9501A65-45B6-47F3-9B77-1CCD709F919D}
		{6F430FB2-A4F8-4608-A08C-77D6738883CC} = {B9501A65-45B6-47F3-9B77-1CCD709F919D}
		{C3990228-6ED5-4DFF-9DC2-A77438C46D46} = {F23E2C92-3A2D-47A3-A3C9-12326723B6D3}
		{D308E9FD-D898-48E1-9FE0-BB0A3B2FA105} = {C3990228-6ED5-4DFF-9DC2-A77438C46D46}
		{5D069CC5-A7A1-4B97-B610-0B2051C7DA11} = {F23E2C92-3A2D-47A3-A3C9-12326723B6D3}
		{438F4F26-E520-4305-ABA4-CFA04A689E42} = {5D069CC5-A7A1-4B97-B610-0B2051C7DA11}
		{8C05A719-4336-40C7-991F-26C9C67EDE24} = {F23E2C92-3A2D-47A3-A3C9-12326723B6D3}
		{96DA7EF9-FAD4-45E1-A347-E9D61D248961} = {8C05A719-4336-40C7-991F-26C9C67EDE24}
		{8CB65E7C-CB8E-4CC5-8313-DABD4611337E} = {4F2C2D7F-0E54-4EDD-9DB8-9110B2E9391A}
		{A173DF48-9957-42E0-A886-43CABD1AEB0E} = {8CB65E7C-CB8E-4CC5-8313-DABD4611337E}
		{C1C8F7A2-CB01-4478-B0DC-D97072EE15CE} = {8CB65E7C-CB8E-4CC5-8313-DABD4611337E}
		{15195EB7-AA5C-4CE8-B434-1983F805336D} = {4F2C2D7F-0E54-4EDD-9DB8-9110B2E9391A}
		{3E22763E-549B-471A-959F-39760238FFD1} = {15195EB7-AA5C-4CE8-B434-1983F805336D}
		{62A7CD3C-A890-4E22-B7B4-CEF9EF661BD7} = {4F2C2D7F-0E54-4EDD-9DB8-9110B2E9391A}
		{1DD439FF-72C7-4C71-8124-6B99F9451F10} = {62A7CD3C-A890-4E22-B7B4-CEF9EF661BD7}
	EndGlobalSection
	GlobalSection(ExtensibilityGlobals) = postSolution
		SolutionGuid = {44A326E9-9DA3-4C17-9859-FB1DA5392A9F}
	EndGlobalSection
EndGlobal
